{
	"name": "@applitools/eyes-testcafe",
	"version": "2.0.0-beta.10",
	"lockfileVersion": 1,
	"requires": true,
	"dependencies": {
		"@applitools/functional-commons": {
			"version": "1.5.4",
			"resolved": "https://registry.npmjs.org/@applitools/functional-commons/-/functional-commons-1.5.4.tgz",
			"integrity": "sha512-R+p4fliS8j6YlZNSLgsx6cBpjlmZaec67v9PpophPW5vXnOJFVcELnoeO21AVG1kbHu0FeAk025xr99EUTppFw=="
		}
	}
}
